// !$*UTF8*$!
{
	archiveVersion = 1;
	classes = {
	};
	objectVersion = 56;
	objects = {

/* Begin PBXBuildFile section */
		2C8907F82B9711450070C749 /* AppDelegate.swift in Sources */ = {isa = PBXBuildFile; fileRef = 2C8907F72B9711450070C749 /* AppDelegate.swift */; };
		2C8908022B9711450070C749 /* WeatherApp.xcdatamodeld in Sources */ = {isa = PBXBuildFile; fileRef = 2C8908002B9711450070C749 /* WeatherApp.xcdatamodeld */; };
		2C8908042B9711470070C749 /* Assets.xcassets in Resources */ = {isa = PBXBuildFile; fileRef = 2C8908032B9711470070C749 /* Assets.xcassets */; };
		2C8908072B9711470070C749 /* LaunchScreen.storyboard in Resources */ = {isa = PBXBuildFile; fileRef = 2C8908052B9711470070C749 /* LaunchScreen.storyboard */; };
		2C8908192B971C9F0070C749 /* APIWeatherResponse.swift in Sources */ = {isa = PBXBuildFile; fileRef = 2C8908182B971C9F0070C749 /* APIWeatherResponse.swift */; };
		2C89081B2B971D1A0070C749 /* NetworkError.swift in Sources */ = {isa = PBXBuildFile; fileRef = 2C89081A2B971D1A0070C749 /* NetworkError.swift */; };
		2C8908232B97239F0070C749 /* DTLogger in Frameworks */ = {isa = PBXBuildFile; productRef = 2C8908222B97239F0070C749 /* DTLogger */; };
		2C8908262B9723FE0070C749 /* JSONParser.swift in Sources */ = {isa = PBXBuildFile; fileRef = 2C8908252B9723FE0070C749 /* JSONParser.swift */; };
		2C8908282B9724700070C749 /* RequestService.swift in Sources */ = {isa = PBXBuildFile; fileRef = 2C8908272B9724700070C749 /* RequestService.swift */; };
		2C89082A2B9725500070C749 /* RequestFactory.swift in Sources */ = {isa = PBXBuildFile; fileRef = 2C8908292B9725500070C749 /* RequestFactory.swift */; };
		2C8908302B9727560070C749 /* WeatherRequest.swift in Sources */ = {isa = PBXBuildFile; fileRef = 2C89082F2B9727560070C749 /* WeatherRequest.swift */; };
		2C8908332B9728040070C749 /* TokenProvider.swift in Sources */ = {isa = PBXBuildFile; fileRef = 2C8908322B9728030070C749 /* TokenProvider.swift */; };
		2C8908352B97284B0070C749 /* URLProvider.swift in Sources */ = {isa = PBXBuildFile; fileRef = 2C8908342B97284B0070C749 /* URLProvider.swift */; };
		2C8908372B9743200070C749 /* ServiceAssembly.swift in Sources */ = {isa = PBXBuildFile; fileRef = 2C8908362B9743200070C749 /* ServiceAssembly.swift */; };
		2C8908392B9743540070C749 /* PresentationAssembly.swift in Sources */ = {isa = PBXBuildFile; fileRef = 2C8908382B9743540070C749 /* PresentationAssembly.swift */; };
		2C89083C2B97441D0070C749 /* NetworkManager.swift in Sources */ = {isa = PBXBuildFile; fileRef = 2C89083B2B97441D0070C749 /* NetworkManager.swift */; };
		2C89083F2B9748300070C749 /* WeatherScreenViewController.swift in Sources */ = {isa = PBXBuildFile; fileRef = 2C89083E2B9748300070C749 /* WeatherScreenViewController.swift */; };
		2C8908412B9748810070C749 /* WeatherScreenPresenter.swift in Sources */ = {isa = PBXBuildFile; fileRef = 2C8908402B9748810070C749 /* WeatherScreenPresenter.swift */; };
		2C8908432B9748B20070C749 /* WeatherScreenConfigurator.swift in Sources */ = {isa = PBXBuildFile; fileRef = 2C8908422B9748B20070C749 /* WeatherScreenConfigurator.swift */; };
		2C8908452B9748D20070C749 /* WeatherScreenRouter.swift in Sources */ = {isa = PBXBuildFile; fileRef = 2C8908442B9748D20070C749 /* WeatherScreenRouter.swift */; };
		2C8908472B9757980070C749 /* WeatherViewModel.swift in Sources */ = {isa = PBXBuildFile; fileRef = 2C8908462B9757980070C749 /* WeatherViewModel.swift */; };
		2C89084B2B976F980070C749 /* WeatherScreenDataSourceProvider.swift in Sources */ = {isa = PBXBuildFile; fileRef = 2C89084A2B976F980070C749 /* WeatherScreenDataSourceProvider.swift */; };
		2C89084D2B9772C90070C749 /* WeatherCell.swift in Sources */ = {isa = PBXBuildFile; fileRef = 2C89084C2B9772C90070C749 /* WeatherCell.swift */; };
		2C8908512B97731A0070C749 /* IdentifiableCell.swift in Sources */ = {isa = PBXBuildFile; fileRef = 2C8908502B97731A0070C749 /* IdentifiableCell.swift */; };
		2C8908532B9781C80070C749 /* WeatherCellViewModel.swift in Sources */ = {isa = PBXBuildFile; fileRef = 2C8908522B9781C80070C749 /* WeatherCellViewModel.swift */; };
		2C8908552B978D980070C749 /* Language.swift in Sources */ = {isa = PBXBuildFile; fileRef = 2C8908542B978D980070C749 /* Language.swift */; };
		2C8908582B9820D40070C749 /* CityListScreenViewController.swift in Sources */ = {isa = PBXBuildFile; fileRef = 2C8908572B9820D40070C749 /* CityListScreenViewController.swift */; };
		2C89085A2B98210E0070C749 /* CityListScreenPresenter.swift in Sources */ = {isa = PBXBuildFile; fileRef = 2C8908592B98210E0070C749 /* CityListScreenPresenter.swift */; };
		2C89085C2B9821580070C749 /* CityListScreenConfigurator.swift in Sources */ = {isa = PBXBuildFile; fileRef = 2C89085B2B9821580070C749 /* CityListScreenConfigurator.swift */; };
/* End PBXBuildFile section */

/* Begin PBXFileReference section */
		2C8907F42B9711450070C749 /* WeaterApp.app */ = {isa = PBXFileReference; explicitFileType = wrapper.application; includeInIndex = 0; path = WeaterApp.app; sourceTree = BUILT_PRODUCTS_DIR; };
		2C8907F72B9711450070C749 /* AppDelegate.swift */ = {isa = PBXFileReference; lastKnownFileType = sourcecode.swift; path = AppDelegate.swift; sourceTree = "<group>"; };
		2C8908012B9711450070C749 /* WeaterApp.xcdatamodel */ = {isa = PBXFileReference; lastKnownFileType = wrapper.xcdatamodel; path = WeaterApp.xcdatamodel; sourceTree = "<group>"; };
		2C8908032B9711470070C749 /* Assets.xcassets */ = {isa = PBXFileReference; lastKnownFileType = folder.assetcatalog; path = Assets.xcassets; sourceTree = "<group>"; };
		2C8908062B9711470070C749 /* Base */ = {isa = PBXFileReference; lastKnownFileType = file.storyboard; name = Base; path = Base.lproj/LaunchScreen.storyboard; sourceTree = "<group>"; };
		2C8908082B9711470070C749 /* Info.plist */ = {isa = PBXFileReference; lastKnownFileType = text.plist.xml; path = Info.plist; sourceTree = "<group>"; };
		2C89080E2B9711940070C749 /* .gitignore */ = {isa = PBXFileReference; fileEncoding = 4; lastKnownFileType = text; path = .gitignore; sourceTree = "<group>"; };
		2C8908182B971C9F0070C749 /* APIWeatherResponse.swift */ = {isa = PBXFileReference; lastKnownFileType = sourcecode.swift; path = APIWeatherResponse.swift; sourceTree = "<group>"; };
		2C89081A2B971D1A0070C749 /* NetworkError.swift */ = {isa = PBXFileReference; lastKnownFileType = sourcecode.swift; path = NetworkError.swift; sourceTree = "<group>"; };
		2C8908252B9723FE0070C749 /* JSONParser.swift */ = {isa = PBXFileReference; lastKnownFileType = sourcecode.swift; path = JSONParser.swift; sourceTree = "<group>"; };
		2C8908272B9724700070C749 /* RequestService.swift */ = {isa = PBXFileReference; lastKnownFileType = sourcecode.swift; path = RequestService.swift; sourceTree = "<group>"; };
		2C8908292B9725500070C749 /* RequestFactory.swift */ = {isa = PBXFileReference; lastKnownFileType = sourcecode.swift; path = RequestFactory.swift; sourceTree = "<group>"; };
		2C89082F2B9727560070C749 /* WeatherRequest.swift */ = {isa = PBXFileReference; lastKnownFileType = sourcecode.swift; path = WeatherRequest.swift; sourceTree = "<group>"; };
		2C8908322B9728030070C749 /* TokenProvider.swift */ = {isa = PBXFileReference; lastKnownFileType = sourcecode.swift; path = TokenProvider.swift; sourceTree = "<group>"; };
		2C8908342B97284B0070C749 /* URLProvider.swift */ = {isa = PBXFileReference; lastKnownFileType = sourcecode.swift; path = URLProvider.swift; sourceTree = "<group>"; };
		2C8908362B9743200070C749 /* ServiceAssembly.swift */ = {isa = PBXFileReference; lastKnownFileType = sourcecode.swift; path = ServiceAssembly.swift; sourceTree = "<group>"; };
		2C8908382B9743540070C749 /* PresentationAssembly.swift */ = {isa = PBXFileReference; lastKnownFileType = sourcecode.swift; path = PresentationAssembly.swift; sourceTree = "<group>"; };
		2C89083B2B97441D0070C749 /* NetworkManager.swift */ = {isa = PBXFileReference; lastKnownFileType = sourcecode.swift; path = NetworkManager.swift; sourceTree = "<group>"; };
		2C89083E2B9748300070C749 /* WeatherScreenViewController.swift */ = {isa = PBXFileReference; lastKnownFileType = sourcecode.swift; path = WeatherScreenViewController.swift; sourceTree = "<group>"; };
		2C8908402B9748810070C749 /* WeatherScreenPresenter.swift */ = {isa = PBXFileReference; lastKnownFileType = sourcecode.swift; path = WeatherScreenPresenter.swift; sourceTree = "<group>"; };
		2C8908422B9748B20070C749 /* WeatherScreenConfigurator.swift */ = {isa = PBXFileReference; lastKnownFileType = sourcecode.swift; path = WeatherScreenConfigurator.swift; sourceTree = "<group>"; };
		2C8908442B9748D20070C749 /* WeatherScreenRouter.swift */ = {isa = PBXFileReference; lastKnownFileType = sourcecode.swift; path = WeatherScreenRouter.swift; sourceTree = "<group>"; };
		2C8908462B9757980070C749 /* WeatherViewModel.swift */ = {isa = PBXFileReference; lastKnownFileType = sourcecode.swift; path = WeatherViewModel.swift; sourceTree = "<group>"; };
		2C89084A2B976F980070C749 /* WeatherScreenDataSourceProvider.swift */ = {isa = PBXFileReference; lastKnownFileType = sourcecode.swift; path = WeatherScreenDataSourceProvider.swift; sourceTree = "<group>"; };
		2C89084C2B9772C90070C749 /* WeatherCell.swift */ = {isa = PBXFileReference; lastKnownFileType = sourcecode.swift; path = WeatherCell.swift; sourceTree = "<group>"; };
		2C8908502B97731A0070C749 /* IdentifiableCell.swift */ = {isa = PBXFileReference; lastKnownFileType = sourcecode.swift; path = IdentifiableCell.swift; sourceTree = "<group>"; };
		2C8908522B9781C80070C749 /* WeatherCellViewModel.swift */ = {isa = PBXFileReference; lastKnownFileType = sourcecode.swift; path = WeatherCellViewModel.swift; sourceTree = "<group>"; };
		2C8908542B978D980070C749 /* Language.swift */ = {isa = PBXFileReference; lastKnownFileType = sourcecode.swift; path = Language.swift; sourceTree = "<group>"; };
		2C8908572B9820D40070C749 /* CityListScreenViewController.swift */ = {isa = PBXFileReference; lastKnownFileType = sourcecode.swift; path = CityListScreenViewController.swift; sourceTree = "<group>"; };
		2C8908592B98210E0070C749 /* CityListScreenPresenter.swift */ = {isa = PBXFileReference; lastKnownFileType = sourcecode.swift; path = CityListScreenPresenter.swift; sourceTree = "<group>"; };
		2C89085B2B9821580070C749 /* CityListScreenConfigurator.swift */ = {isa = PBXFileReference; lastKnownFileType = sourcecode.swift; path = CityListScreenConfigurator.swift; sourceTree = "<group>"; };
/* End PBXFileReference section */

/* Begin PBXFrameworksBuildPhase section */
		2C8907F12B9711450070C749 /* Frameworks */ = {
			isa = PBXFrameworksBuildPhase;
			buildActionMask = 2147483647;
			files = (
				2C8908232B97239F0070C749 /* DTLogger in Frameworks */,
			);
			runOnlyForDeploymentPostprocessing = 0;
		};
/* End PBXFrameworksBuildPhase section */

/* Begin PBXGroup section */
		2C8907EB2B9711450070C749 = {
			isa = PBXGroup;
			children = (
				2C89080E2B9711940070C749 /* .gitignore */,
				2C8907F62B9711450070C749 /* WeatherApp */,
				2C8907F52B9711450070C749 /* Products */,
			);
			sourceTree = "<group>";
		};
		2C8907F52B9711450070C749 /* Products */ = {
			isa = PBXGroup;
			children = (
				2C8907F42B9711450070C749 /* WeaterApp.app */,
			);
			name = Products;
			sourceTree = "<group>";
		};
		2C8907F62B9711450070C749 /* WeatherApp */ = {
			isa = PBXGroup;
			children = (
				2C89084E2B9772FE0070C749 /* Common */,
				2C8908082B9711470070C749 /* Info.plist */,
				2C8908102B9711CE0070C749 /* Default */,
				2C8908002B9711450070C749 /* WeatherApp.xcdatamodeld */,
				2C8908142B9715FD0070C749 /* Services */,
				2C89083A2B9743DC0070C749 /* Managers */,
				2C8908122B9715A80070C749 /* PresentationLayer */,
			);
			path = WeatherApp;
			sourceTree = "<group>";
		};
		2C8908102B9711CE0070C749 /* Default */ = {
			isa = PBXGroup;
			children = (
				2C8908112B9712240070C749 /* Recources */,
				2C8907F72B9711450070C749 /* AppDelegate.swift */,
				2C8908052B9711470070C749 /* LaunchScreen.storyboard */,
			);
			path = Default;
			sourceTree = "<group>";
		};
		2C8908112B9712240070C749 /* Recources */ = {
			isa = PBXGroup;
			children = (
				2C8908032B9711470070C749 /* Assets.xcassets */,
			);
			path = Recources;
			sourceTree = "<group>";
		};
		2C8908122B9715A80070C749 /* PresentationLayer */ = {
			isa = PBXGroup;
			children = (
				2C8908382B9743540070C749 /* PresentationAssembly.swift */,
				2C8908132B9715CE0070C749 /* WeatherScreen */,
				2C8908562B98209D0070C749 /* CityListScreen */,
			);
			path = PresentationLayer;
			sourceTree = "<group>";
		};
		2C8908132B9715CE0070C749 /* WeatherScreen */ = {
			isa = PBXGroup;
			children = (
				2C8908482B976F3C0070C749 /* Cells */,
				2C8908492B976F480070C749 /* Providers */,
				2C8908462B9757980070C749 /* WeatherViewModel.swift */,
				2C89083E2B9748300070C749 /* WeatherScreenViewController.swift */,
				2C8908402B9748810070C749 /* WeatherScreenPresenter.swift */,
				2C8908422B9748B20070C749 /* WeatherScreenConfigurator.swift */,
				2C8908442B9748D20070C749 /* WeatherScreenRouter.swift */,
			);
			path = WeatherScreen;
			sourceTree = "<group>";
		};
		2C8908142B9715FD0070C749 /* Services */ = {
			isa = PBXGroup;
			children = (
				2C8908362B9743200070C749 /* ServiceAssembly.swift */,
				2C8908152B9716A50070C749 /* NetworkService */,
			);
			path = Services;
			sourceTree = "<group>";
		};
		2C8908152B9716A50070C749 /* NetworkService */ = {
			isa = PBXGroup;
			children = (
				2C8908312B9727F10070C749 /* Common */,
				2C89082E2B9727440070C749 /* Requests */,
				2C8908172B97171A0070C749 /* Models */,
				2C89081A2B971D1A0070C749 /* NetworkError.swift */,
				2C8908252B9723FE0070C749 /* JSONParser.swift */,
				2C8908272B9724700070C749 /* RequestService.swift */,
				2C8908292B9725500070C749 /* RequestFactory.swift */,
			);
			path = NetworkService;
			sourceTree = "<group>";
		};
		2C8908172B97171A0070C749 /* Models */ = {
			isa = PBXGroup;
			children = (
				2C8908182B971C9F0070C749 /* APIWeatherResponse.swift */,
			);
			path = Models;
			sourceTree = "<group>";
		};
		2C89082E2B9727440070C749 /* Requests */ = {
			isa = PBXGroup;
			children = (
				2C89082F2B9727560070C749 /* WeatherRequest.swift */,
			);
			path = Requests;
			sourceTree = "<group>";
		};
		2C8908312B9727F10070C749 /* Common */ = {
			isa = PBXGroup;
			children = (
				2C8908322B9728030070C749 /* TokenProvider.swift */,
				2C8908342B97284B0070C749 /* URLProvider.swift */,
			);
			path = Common;
			sourceTree = "<group>";
		};
		2C89083A2B9743DC0070C749 /* Managers */ = {
			isa = PBXGroup;
			children = (
				2C89083B2B97441D0070C749 /* NetworkManager.swift */,
			);
			path = Managers;
			sourceTree = "<group>";
		};
		2C8908482B976F3C0070C749 /* Cells */ = {
			isa = PBXGroup;
			children = (
				2C8908522B9781C80070C749 /* WeatherCellViewModel.swift */,
				2C89084C2B9772C90070C749 /* WeatherCell.swift */,
			);
			path = Cells;
			sourceTree = "<group>";
		};
		2C8908492B976F480070C749 /* Providers */ = {
			isa = PBXGroup;
			children = (
				2C89084A2B976F980070C749 /* WeatherScreenDataSourceProvider.swift */,
			);
			path = Providers;
			sourceTree = "<group>";
		};
		2C89084E2B9772FE0070C749 /* Common */ = {
			isa = PBXGroup;
			children = (
				2C89084F2B9773100070C749 /* Protocols */,
				2C8908542B978D980070C749 /* Language.swift */,
			);
			path = Common;
			sourceTree = "<group>";
		};
		2C89084F2B9773100070C749 /* Protocols */ = {
			isa = PBXGroup;
			children = (
				2C8908502B97731A0070C749 /* IdentifiableCell.swift */,
			);
			path = Protocols;
			sourceTree = "<group>";
		};
		2C8908562B98209D0070C749 /* CityListScreen */ = {
			isa = PBXGroup;
			children = (
				2C89085D2B98281A0070C749 /* Cells */,
				2C89085E2B9828230070C749 /* Providers */,
				2C8908572B9820D40070C749 /* CityListScreenViewController.swift */,
				2C8908592B98210E0070C749 /* CityListScreenPresenter.swift */,
				2C89085B2B9821580070C749 /* CityListScreenConfigurator.swift */,
			);
			path = CityListScreen;
			sourceTree = "<group>";
		};
		2C89085D2B98281A0070C749 /* Cells */ = {
			isa = PBXGroup;
			children = (
			);
			path = Cells;
			sourceTree = "<group>";
		};
		2C89085E2B9828230070C749 /* Providers */ = {
			isa = PBXGroup;
			children = (
			);
			path = Providers;
			sourceTree = "<group>";
		};
/* End PBXGroup section */

/* Begin PBXNativeTarget section */
		2C8907F32B9711450070C749 /* WeaterApp */ = {
			isa = PBXNativeTarget;
			buildConfigurationList = 2C89080B2B9711470070C749 /* Build configuration list for PBXNativeTarget "WeaterApp" */;
			buildPhases = (
				2C8907F02B9711450070C749 /* Sources */,
				2C8907F12B9711450070C749 /* Frameworks */,
				2C8907F22B9711450070C749 /* Resources */,
			);
			buildRules = (
			);
			dependencies = (
			);
			name = WeaterApp;
			packageProductDependencies = (
				2C8908222B97239F0070C749 /* DTLogger */,
			);
			productName = WeaterApp;
			productReference = 2C8907F42B9711450070C749 /* WeaterApp.app */;
			productType = "com.apple.product-type.application";
		};
/* End PBXNativeTarget section */

/* Begin PBXProject section */
		2C8907EC2B9711450070C749 /* Project object */ = {
			isa = PBXProject;
			attributes = {
				BuildIndependentTargetsInParallel = 1;
				LastSwiftUpdateCheck = 1510;
				LastUpgradeCheck = 1510;
				TargetAttributes = {
					2C8907F32B9711450070C749 = {
						CreatedOnToolsVersion = 15.1;
					};
				};
			};
			buildConfigurationList = 2C8907EF2B9711450070C749 /* Build configuration list for PBXProject "WeaterApp" */;
			compatibilityVersion = "Xcode 14.0";
			developmentRegion = en;
			hasScannedForEncodings = 0;
			knownRegions = (
				en,
				Base,
			);
			mainGroup = 2C8907EB2B9711450070C749;
			packageReferences = (
				2C8908212B97239F0070C749 /* XCRemoteSwiftPackageReference "DTLogger" */,
			);
			productRefGroup = 2C8907F52B9711450070C749 /* Products */;
			projectDirPath = "";
			projectRoot = "";
			targets = (
				2C8907F32B9711450070C749 /* WeaterApp */,
			);
		};
/* End PBXProject section */

/* Begin PBXResourcesBuildPhase section */
		2C8907F22B9711450070C749 /* Resources */ = {
			isa = PBXResourcesBuildPhase;
			buildActionMask = 2147483647;
			files = (
				2C8908072B9711470070C749 /* LaunchScreen.storyboard in Resources */,
				2C8908042B9711470070C749 /* Assets.xcassets in Resources */,
			);
			runOnlyForDeploymentPostprocessing = 0;
		};
/* End PBXResourcesBuildPhase section */

/* Begin PBXSourcesBuildPhase section */
		2C8907F02B9711450070C749 /* Sources */ = {
			isa = PBXSourcesBuildPhase;
			buildActionMask = 2147483647;
			files = (
				2C8908192B971C9F0070C749 /* APIWeatherResponse.swift in Sources */,
				2C89084B2B976F980070C749 /* WeatherScreenDataSourceProvider.swift in Sources */,
				2C8908452B9748D20070C749 /* WeatherScreenRouter.swift in Sources */,
				2C8908352B97284B0070C749 /* URLProvider.swift in Sources */,
				2C8908532B9781C80070C749 /* WeatherCellViewModel.swift in Sources */,
				2C89085A2B98210E0070C749 /* CityListScreenPresenter.swift in Sources */,
				2C8908582B9820D40070C749 /* CityListScreenViewController.swift in Sources */,
				2C89083F2B9748300070C749 /* WeatherScreenViewController.swift in Sources */,
				2C8908332B9728040070C749 /* TokenProvider.swift in Sources */,
				2C8908282B9724700070C749 /* RequestService.swift in Sources */,
				2C8908432B9748B20070C749 /* WeatherScreenConfigurator.swift in Sources */,
				2C8908262B9723FE0070C749 /* JSONParser.swift in Sources */,
				2C8907F82B9711450070C749 /* AppDelegate.swift in Sources */,
				2C89082A2B9725500070C749 /* RequestFactory.swift in Sources */,
				2C8908392B9743540070C749 /* PresentationAssembly.swift in Sources */,
				2C89084D2B9772C90070C749 /* WeatherCell.swift in Sources */,
				2C8908302B9727560070C749 /* WeatherRequest.swift in Sources */,
				2C89083C2B97441D0070C749 /* NetworkManager.swift in Sources */,
				2C8908372B9743200070C749 /* ServiceAssembly.swift in Sources */,
				2C8908512B97731A0070C749 /* IdentifiableCell.swift in Sources */,
				2C89085C2B9821580070C749 /* CityListScreenConfigurator.swift in Sources */,
				2C8908022B9711450070C749 /* WeatherApp.xcdatamodeld in Sources */,
				2C89081B2B971D1A0070C749 /* NetworkError.swift in Sources */,
				2C8908412B9748810070C749 /* WeatherScreenPresenter.swift in Sources */,
				2C8908552B978D980070C749 /* Language.swift in Sources */,
				2C8908472B9757980070C749 /* WeatherViewModel.swift in Sources */,
			);
			runOnlyForDeploymentPostprocessing = 0;
		};
/* End PBXSourcesBuildPhase section */

/* Begin PBXVariantGroup section */
		2C8908052B9711470070C749 /* LaunchScreen.storyboard */ = {
			isa = PBXVariantGroup;
			children = (
				2C8908062B9711470070C749 /* Base */,
			);
			name = LaunchScreen.storyboard;
			sourceTree = "<group>";
		};
/* End PBXVariantGroup section */

/* Begin XCBuildConfiguration section */
		2C8908092B9711470070C749 /* Debug */ = {
			isa = XCBuildConfiguration;
			buildSettings = {
				ALWAYS_SEARCH_USER_PATHS = NO;
				ASSETCATALOG_COMPILER_GENERATE_SWIFT_ASSET_SYMBOL_EXTENSIONS = YES;
				CLANG_ANALYZER_NONNULL = YES;
				CLANG_ANALYZER_NUMBER_OBJECT_CONVERSION = YES_AGGRESSIVE;
				CLANG_CXX_LANGUAGE_STANDARD = "gnu++20";
				CLANG_ENABLE_MODULES = YES;
				CLANG_ENABLE_OBJC_ARC = YES;
				CLANG_ENABLE_OBJC_WEAK = YES;
				CLANG_WARN_BLOCK_CAPTURE_AUTORELEASING = YES;
				CLANG_WARN_BOOL_CONVERSION = YES;
				CLANG_WARN_COMMA = YES;
				CLANG_WARN_CONSTANT_CONVERSION = YES;
				CLANG_WARN_DEPRECATED_OBJC_IMPLEMENTATIONS = YES;
				CLANG_WARN_DIRECT_OBJC_ISA_USAGE = YES_ERROR;
				CLANG_WARN_DOCUMENTATION_COMMENTS = YES;
				CLANG_WARN_EMPTY_BODY = YES;
				CLANG_WARN_ENUM_CONVERSION = YES;
				CLANG_WARN_INFINITE_RECURSION = YES;
				CLANG_WARN_INT_CONVERSION = YES;
				CLANG_WARN_NON_LITERAL_NULL_CONVERSION = YES;
				CLANG_WARN_OBJC_IMPLICIT_RETAIN_SELF = YES;
				CLANG_WARN_OBJC_LITERAL_CONVERSION = YES;
				CLANG_WARN_OBJC_ROOT_CLASS = YES_ERROR;
				CLANG_WARN_QUOTED_INCLUDE_IN_FRAMEWORK_HEADER = YES;
				CLANG_WARN_RANGE_LOOP_ANALYSIS = YES;
				CLANG_WARN_STRICT_PROTOTYPES = YES;
				CLANG_WARN_SUSPICIOUS_MOVE = YES;
				CLANG_WARN_UNGUARDED_AVAILABILITY = YES_AGGRESSIVE;
				CLANG_WARN_UNREACHABLE_CODE = YES;
				CLANG_WARN__DUPLICATE_METHOD_MATCH = YES;
				COPY_PHASE_STRIP = NO;
				DEBUG_INFORMATION_FORMAT = dwarf;
				ENABLE_STRICT_OBJC_MSGSEND = YES;
				ENABLE_TESTABILITY = YES;
				ENABLE_USER_SCRIPT_SANDBOXING = YES;
				GCC_C_LANGUAGE_STANDARD = gnu17;
				GCC_DYNAMIC_NO_PIC = NO;
				GCC_NO_COMMON_BLOCKS = YES;
				GCC_OPTIMIZATION_LEVEL = 0;
				GCC_PREPROCESSOR_DEFINITIONS = (
					"DEBUG=1",
					"$(inherited)",
				);
				GCC_WARN_64_TO_32_BIT_CONVERSION = YES;
				GCC_WARN_ABOUT_RETURN_TYPE = YES_ERROR;
				GCC_WARN_UNDECLARED_SELECTOR = YES;
				GCC_WARN_UNINITIALIZED_AUTOS = YES_AGGRESSIVE;
				GCC_WARN_UNUSED_FUNCTION = YES;
				GCC_WARN_UNUSED_VARIABLE = YES;
				IPHONEOS_DEPLOYMENT_TARGET = 17.2;
				LOCALIZATION_PREFERS_STRING_CATALOGS = YES;
				MTL_ENABLE_DEBUG_INFO = INCLUDE_SOURCE;
				MTL_FAST_MATH = YES;
				ONLY_ACTIVE_ARCH = YES;
				SDKROOT = iphoneos;
				SWIFT_ACTIVE_COMPILATION_CONDITIONS = "DEBUG $(inherited)";
				SWIFT_OPTIMIZATION_LEVEL = "-Onone";
			};
			name = Debug;
		};
		2C89080A2B9711470070C749 /* Release */ = {
			isa = XCBuildConfiguration;
			buildSettings = {
				ALWAYS_SEARCH_USER_PATHS = NO;
				ASSETCATALOG_COMPILER_GENERATE_SWIFT_ASSET_SYMBOL_EXTENSIONS = YES;
				CLANG_ANALYZER_NONNULL = YES;
				CLANG_ANALYZER_NUMBER_OBJECT_CONVERSION = YES_AGGRESSIVE;
				CLANG_CXX_LANGUAGE_STANDARD = "gnu++20";
				CLANG_ENABLE_MODULES = YES;
				CLANG_ENABLE_OBJC_ARC = YES;
				CLANG_ENABLE_OBJC_WEAK = YES;
				CLANG_WARN_BLOCK_CAPTURE_AUTORELEASING = YES;
				CLANG_WARN_BOOL_CONVERSION = YES;
				CLANG_WARN_COMMA = YES;
				CLANG_WARN_CONSTANT_CONVERSION = YES;
				CLANG_WARN_DEPRECATED_OBJC_IMPLEMENTATIONS = YES;
				CLANG_WARN_DIRECT_OBJC_ISA_USAGE = YES_ERROR;
				CLANG_WARN_DOCUMENTATION_COMMENTS = YES;
				CLANG_WARN_EMPTY_BODY = YES;
				CLANG_WARN_ENUM_CONVERSION = YES;
				CLANG_WARN_INFINITE_RECURSION = YES;
				CLANG_WARN_INT_CONVERSION = YES;
				CLANG_WARN_NON_LITERAL_NULL_CONVERSION = YES;
				CLANG_WARN_OBJC_IMPLICIT_RETAIN_SELF = YES;
				CLANG_WARN_OBJC_LITERAL_CONVERSION = YES;
				CLANG_WARN_OBJC_ROOT_CLASS = YES_ERROR;
				CLANG_WARN_QUOTED_INCLUDE_IN_FRAMEWORK_HEADER = YES;
				CLANG_WARN_RANGE_LOOP_ANALYSIS = YES;
				CLANG_WARN_STRICT_PROTOTYPES = YES;
				CLANG_WARN_SUSPICIOUS_MOVE = YES;
				CLANG_WARN_UNGUARDED_AVAILABILITY = YES_AGGRESSIVE;
				CLANG_WARN_UNREACHABLE_CODE = YES;
				CLANG_WARN__DUPLICATE_METHOD_MATCH = YES;
				COPY_PHASE_STRIP = NO;
				DEBUG_INFORMATION_FORMAT = "dwarf-with-dsym";
				ENABLE_NS_ASSERTIONS = NO;
				ENABLE_STRICT_OBJC_MSGSEND = YES;
				ENABLE_USER_SCRIPT_SANDBOXING = YES;
				GCC_C_LANGUAGE_STANDARD = gnu17;
				GCC_NO_COMMON_BLOCKS = YES;
				GCC_WARN_64_TO_32_BIT_CONVERSION = YES;
				GCC_WARN_ABOUT_RETURN_TYPE = YES_ERROR;
				GCC_WARN_UNDECLARED_SELECTOR = YES;
				GCC_WARN_UNINITIALIZED_AUTOS = YES_AGGRESSIVE;
				GCC_WARN_UNUSED_FUNCTION = YES;
				GCC_WARN_UNUSED_VARIABLE = YES;
				IPHONEOS_DEPLOYMENT_TARGET = 17.2;
				LOCALIZATION_PREFERS_STRING_CATALOGS = YES;
				MTL_ENABLE_DEBUG_INFO = NO;
				MTL_FAST_MATH = YES;
				SDKROOT = iphoneos;
				SWIFT_COMPILATION_MODE = wholemodule;
				VALIDATE_PRODUCT = YES;
			};
			name = Release;
		};
		2C89080C2B9711470070C749 /* Debug */ = {
			isa = XCBuildConfiguration;
			buildSettings = {
				ASSETCATALOG_COMPILER_APPICON_NAME = AppIcon;
				ASSETCATALOG_COMPILER_GLOBAL_ACCENT_COLOR_NAME = AccentColor;
				CODE_SIGN_STYLE = Automatic;
				CURRENT_PROJECT_VERSION = 1;
				DEVELOPMENT_TEAM = B66N983M7Q;
				GENERATE_INFOPLIST_FILE = YES;
				INFOPLIST_FILE = WeatherApp/Info.plist;
				INFOPLIST_KEY_UIApplicationSupportsIndirectInputEvents = YES;
				INFOPLIST_KEY_UILaunchStoryboardName = LaunchScreen;
				INFOPLIST_KEY_UIMainStoryboardFile = "";
				INFOPLIST_KEY_UISupportedInterfaceOrientations = UIInterfaceOrientationPortrait;
				INFOPLIST_KEY_UISupportedInterfaceOrientations_iPad = "UIInterfaceOrientationLandscapeLeft UIInterfaceOrientationLandscapeRight UIInterfaceOrientationPortrait UIInterfaceOrientationPortraitUpsideDown";
				LD_RUNPATH_SEARCH_PATHS = (
					"$(inherited)",
					"@executable_path/Frameworks",
				);
				MARKETING_VERSION = 1.0;
				PRODUCT_BUNDLE_IDENTIFIER = ru.zyfunphoto.WeaterApp;
				PRODUCT_NAME = "$(TARGET_NAME)";
				SUPPORTED_PLATFORMS = "iphoneos iphonesimulator";
				SUPPORTS_MACCATALYST = NO;
				SUPPORTS_MAC_DESIGNED_FOR_IPHONE_IPAD = NO;
				SWIFT_EMIT_LOC_STRINGS = YES;
				SWIFT_VERSION = 5.0;
				TARGETED_DEVICE_FAMILY = 1;
			};
			name = Debug;
		};
		2C89080D2B9711470070C749 /* Release */ = {
			isa = XCBuildConfiguration;
			buildSettings = {
				ASSETCATALOG_COMPILER_APPICON_NAME = AppIcon;
				ASSETCATALOG_COMPILER_GLOBAL_ACCENT_COLOR_NAME = AccentColor;
				CODE_SIGN_STYLE = Automatic;
				CURRENT_PROJECT_VERSION = 1;
				DEVELOPMENT_TEAM = B66N983M7Q;
				GENERATE_INFOPLIST_FILE = YES;
				INFOPLIST_FILE = WeatherApp/Info.plist;
				INFOPLIST_KEY_UIApplicationSupportsIndirectInputEvents = YES;
				INFOPLIST_KEY_UILaunchStoryboardName = LaunchScreen;
				INFOPLIST_KEY_UIMainStoryboardFile = "";
				INFOPLIST_KEY_UISupportedInterfaceOrientations = UIInterfaceOrientationPortrait;
				INFOPLIST_KEY_UISupportedInterfaceOrientations_iPad = "UIInterfaceOrientationLandscapeLeft UIInterfaceOrientationLandscapeRight UIInterfaceOrientationPortrait UIInterfaceOrientationPortraitUpsideDown";
				LD_RUNPATH_SEARCH_PATHS = (
					"$(inherited)",
					"@executable_path/Frameworks",
				);
				MARKETING_VERSION = 1.0;
				PRODUCT_BUNDLE_IDENTIFIER = ru.zyfunphoto.WeaterApp;
				PRODUCT_NAME = "$(TARGET_NAME)";
				SUPPORTED_PLATFORMS = "iphoneos iphonesimulator";
				SUPPORTS_MACCATALYST = NO;
				SUPPORTS_MAC_DESIGNED_FOR_IPHONE_IPAD = NO;
				SWIFT_EMIT_LOC_STRINGS = YES;
				SWIFT_VERSION = 5.0;
				TARGETED_DEVICE_FAMILY = 1;
			};
			name = Release;
		};
/* End XCBuildConfiguration section */

/* Begin XCConfigurationList section */
		2C8907EF2B9711450070C749 /* Build configuration list for PBXProject "WeaterApp" */ = {
			isa = XCConfigurationList;
			buildConfigurations = (
				2C8908092B9711470070C749 /* Debug */,
				2C89080A2B9711470070C749 /* Release */,
			);
			defaultConfigurationIsVisible = 0;
			defaultConfigurationName = Release;
		};
		2C89080B2B9711470070C749 /* Build configuration list for PBXNativeTarget "WeaterApp" */ = {
			isa = XCConfigurationList;
			buildConfigurations = (
				2C89080C2B9711470070C749 /* Debug */,
				2C89080D2B9711470070C749 /* Release */,
			);
			defaultConfigurationIsVisible = 0;
			defaultConfigurationName = Release;
		};
/* End XCConfigurationList section */

/* Begin XCRemoteSwiftPackageReference section */
		2C8908212B97239F0070C749 /* XCRemoteSwiftPackageReference "DTLogger" */ = {
			isa = XCRemoteSwiftPackageReference;
			repositoryURL = "https://github.com/ZyFun/DTLogger.git";
			requirement = {
				kind = upToNextMajorVersion;
				minimumVersion = 2.0.0;
			};
		};
/* End XCRemoteSwiftPackageReference section */

/* Begin XCSwiftPackageProductDependency section */
		2C8908222B97239F0070C749 /* DTLogger */ = {
			isa = XCSwiftPackageProductDependency;
			package = 2C8908212B97239F0070C749 /* XCRemoteSwiftPackageReference "DTLogger" */;
			productName = DTLogger;
		};
/* End XCSwiftPackageProductDependency section */

/* Begin XCVersionGroup section */
		2C8908002B9711450070C749 /* WeatherApp.xcdatamodeld */ = {
			isa = XCVersionGroup;
			children = (
				2C8908012B9711450070C749 /* WeaterApp.xcdatamodel */,
			);
			currentVersion = 2C8908012B9711450070C749 /* WeaterApp.xcdatamodel */;
			path = WeatherApp.xcdatamodeld;
			sourceTree = "<group>";
			versionGroupType = wrapper.xcdatamodel;
		};
/* End XCVersionGroup section */
	};
	rootObject = 2C8907EC2B9711450070C749 /* Project object */;
}
